
Microsoft Visual Studio Solution File, Format Version 12.00
Project("{2150E333-8FDC-42A3-9474-1A3956D46DE8}") = "RouletteGame.Api", "RouletteGame.Api", "{2D043DFE-0CD2-41ED-A65D-55508BDF3CB0}"
EndProject
Project("{2150E333-8FDC-42A3-9474-1A3956D46DE8}") = "RouletteGame.Application", "RouletteGame.Application", "{41B13740-0FB1-4D30-8AC9-56F1D0117BA7}"
EndProject
Project("{2150E333-8FDC-42A3-9474-1A3956D46DE8}") = "RouletteGame.Domain", "RouletteGame.Domain", "{DA1BB2E6-D468-45DE-B0FD-82E93A859D30}"
EndProject
Project("{2150E333-8FDC-42A3-9474-1A3956D46DE8}") = "RouletteGame.Infrastructure", "RouletteGame.Infrastructure", "{5B782848-B07E-45E5-86A0-E14DE5351874}"
EndProject
Project("{2150E333-8FDC-42A3-9474-1A3956D46DE8}") = "RouletteGame.Persistance", "RouletteGame.Persistance", "{EBCD81A0-B2A1-40BA-8C40-57CE8E4A2497}"
EndProject
Project("{2150E333-8FDC-42A3-9474-1A3956D46DE8}") = "RouletteGame.SignalR", "RouletteGame.SignalR", "{24439247-974A-4FE3-B7DF-164E17CF6EF1}"
EndProject
Project("{2150E333-8FDC-42A3-9474-1A3956D46DE8}") = "RouletteGame.Identity", "RouletteGame.Identity", "{1904A5A3-FA85-417A-9935-858B3B989D78}"
EndProject
Project("{2150E333-8FDC-42A3-9474-1A3956D46DE8}") = "RouletteGame.Tests", "RouletteGame.Tests", "{4B45E2E2-611C-427E-9761-130490A7799E}"
EndProject
Project("{FAE04EC0-301F-11D3-BF4B-00C04F79EFBC}") = "RouletteGame.Api", "RouletteGame.Api\RouletteGame.Api.csproj", "{DE5E5548-AB0C-43B0-99C8-EC98EC417551}"
EndProject
Project("{FAE04EC0-301F-11D3-BF4B-00C04F79EFBC}") = "RouletteGame.Application", "RouletteGame.Application\RouletteGame.Application.csproj", "{E452F112-869F-45F4-A8A0-9084F494CAFC}"
EndProject
Project("{FAE04EC0-301F-11D3-BF4B-00C04F79EFBC}") = "RouletteGame.Domain", "RouletteGame.Domain\RouletteGame.Domain.csproj", "{910B01C6-39A1-4D88-B07E-99A4DC2036C2}"
EndProject
Project("{FAE04EC0-301F-11D3-BF4B-00C04F79EFBC}") = "RouletteGame.Infra", "RouletteGame.Infra\RouletteGame.Infra.csproj", "{CB715367-9635-4176-BA75-BC3C624A3C54}"
EndProject
Project("{FAE04EC0-301F-11D3-BF4B-00C04F79EFBC}") = "RouletteGame.Persistance", "RouletteGame.Persistance\RouletteGame.Persistance\RouletteGame.Persistance.csproj", "{EA3E8A24-0C0E-496D-B491-753306334FCD}"
EndProject
Project("{FAE04EC0-301F-11D3-BF4B-00C04F79EFBC}") = "RouletteGame.SignalR", "RouletteGame.SignalR\RouletteGame.SignalR.csproj", "{307C7D12-44CE-47B0-AB67-7A193C3AA62E}"
EndProject
Project("{FAE04EC0-301F-11D3-BF4B-00C04F79EFBC}") = "RouletteGame.Tests", "RouletteGame.Tests\RouletteGame.Tests.csproj", "{66A1D602-3807-42B7-BDC4-1CF1A2F93125}"
EndProject
Project("{2150E333-8FDC-42A3-9474-1A3956D46DE8}") = "RouletteGame.MicroServices", "RouletteGame.MicroServices", "{63685F29-088C-4CE0-97DB-4412348B9F99}"
EndProject
Project("{2150E333-8FDC-42A3-9474-1A3956D46DE8}") = "Email", "Email", "{42B4041C-FAC5-47D9-832B-E20A2AC7C972}"
EndProject
Project("{2150E333-8FDC-42A3-9474-1A3956D46DE8}") = "Api", "Api", "{3E8A2CB5-A9E9-4066-A100-7AA3B3EEB533}"
EndProject
Project("{2150E333-8FDC-42A3-9474-1A3956D46DE8}") = "Data", "Data", "{6A1BB42B-0A57-4930-8B05-C612BF46DDF5}"
EndProject
Project("{2150E333-8FDC-42A3-9474-1A3956D46DE8}") = "Domain", "Domain", "{85B8A6A9-1349-41E3-940A-AC94F307C408}"
EndProject
Project("{2150E333-8FDC-42A3-9474-1A3956D46DE8}") = "Application", "Application", "{FDD4EE1A-0643-4AFA-A061-C32DF2CB0FF4}"
EndProject
Project("{FAE04EC0-301F-11D3-BF4B-00C04F79EFBC}") = "RouletteGame.EmailSender.Api", "RouletteGame.EmailSender.Api\RouletteGame.EmailSender.Api.csproj", "{963EDD7F-A0F8-4EA5-9562-D4D10D989821}"
EndProject
Project("{FAE04EC0-301F-11D3-BF4B-00C04F79EFBC}") = "RouletteGame.Email.Application", "RouletteGame.Email.Application\RouletteGame.Email.Application.csproj", "{792AD508-5979-4DB8-ACFE-1BBA8FA31C23}"
EndProject
Project("{FAE04EC0-301F-11D3-BF4B-00C04F79EFBC}") = "RouletteGame.Email.Domain", "RouletteGame.Email.Domain\RouletteGame.Email.Domain.csproj", "{46D0A465-8D73-4B3E-9EDF-B8AD1F764A48}"
EndProject
Project("{FAE04EC0-301F-11D3-BF4B-00C04F79EFBC}") = "RouletteGame.Email.Data", "RouletteGame.Email.Data\RouletteGame.Email.Data.csproj", "{2570E02B-11AE-47B0-A328-3FF58E9F41D3}"
EndProject
Project("{FAE04EC0-301F-11D3-BF4B-00C04F79EFBC}") = "RouletteGame.Identity", "RouletteGame.Identity\RouletteGame.Identity\RouletteGame.Identity.csproj", "{02ECF4C1-E506-4F32-8D5E-83D12ED5AADE}"
EndProject
Global
	GlobalSection(SolutionConfigurationPlatforms) = preSolution
		Debug|Any CPU = Debug|Any CPU
		Release|Any CPU = Release|Any CPU
	EndGlobalSection
	GlobalSection(NestedProjects) = preSolution
		{DE5E5548-AB0C-43B0-99C8-EC98EC417551} = {2D043DFE-0CD2-41ED-A65D-55508BDF3CB0}
		{E452F112-869F-45F4-A8A0-9084F494CAFC} = {41B13740-0FB1-4D30-8AC9-56F1D0117BA7}
		{910B01C6-39A1-4D88-B07E-99A4DC2036C2} = {DA1BB2E6-D468-45DE-B0FD-82E93A859D30}
		{CB715367-9635-4176-BA75-BC3C624A3C54} = {5B782848-B07E-45E5-86A0-E14DE5351874}
		{EA3E8A24-0C0E-496D-B491-753306334FCD} = {EBCD81A0-B2A1-40BA-8C40-57CE8E4A2497}
		{307C7D12-44CE-47B0-AB67-7A193C3AA62E} = {24439247-974A-4FE3-B7DF-164E17CF6EF1}
		{66A1D602-3807-42B7-BDC4-1CF1A2F93125} = {4B45E2E2-611C-427E-9761-130490A7799E}
		{42B4041C-FAC5-47D9-832B-E20A2AC7C972} = {63685F29-088C-4CE0-97DB-4412348B9F99}
		{3E8A2CB5-A9E9-4066-A100-7AA3B3EEB533} = {42B4041C-FAC5-47D9-832B-E20A2AC7C972}
		{6A1BB42B-0A57-4930-8B05-C612BF46DDF5} = {42B4041C-FAC5-47D9-832B-E20A2AC7C972}
		{85B8A6A9-1349-41E3-940A-AC94F307C408} = {42B4041C-FAC5-47D9-832B-E20A2AC7C972}
		{FDD4EE1A-0643-4AFA-A061-C32DF2CB0FF4} = {42B4041C-FAC5-47D9-832B-E20A2AC7C972}
		{963EDD7F-A0F8-4EA5-9562-D4D10D989821} = {3E8A2CB5-A9E9-4066-A100-7AA3B3EEB533}
		{792AD508-5979-4DB8-ACFE-1BBA8FA31C23} = {FDD4EE1A-0643-4AFA-A061-C32DF2CB0FF4}
		{46D0A465-8D73-4B3E-9EDF-B8AD1F764A48} = {85B8A6A9-1349-41E3-940A-AC94F307C408}
		{2570E02B-11AE-47B0-A328-3FF58E9F41D3} = {6A1BB42B-0A57-4930-8B05-C612BF46DDF5}
		{02ECF4C1-E506-4F32-8D5E-83D12ED5AADE} = {1904A5A3-FA85-417A-9935-858B3B989D78}
	EndGlobalSection
	GlobalSection(ProjectConfigurationPlatforms) = postSolution
		{DE5E5548-AB0C-43B0-99C8-EC98EC417551}.Debug|Any CPU.ActiveCfg = Debug|Any CPU
		{DE5E5548-AB0C-43B0-99C8-EC98EC417551}.Debug|Any CPU.Build.0 = Debug|Any CPU
		{DE5E5548-AB0C-43B0-99C8-EC98EC417551}.Release|Any CPU.ActiveCfg = Release|Any CPU
		{DE5E5548-AB0C-43B0-99C8-EC98EC417551}.Release|Any CPU.Build.0 = Release|Any CPU
		{E452F112-869F-45F4-A8A0-9084F494CAFC}.Debug|Any CPU.ActiveCfg = Debug|Any CPU
		{E452F112-869F-45F4-A8A0-9084F494CAFC}.Debug|Any CPU.Build.0 = Debug|Any CPU
		{E452F112-869F-45F4-A8A0-9084F494CAFC}.Release|Any CPU.ActiveCfg = Release|Any CPU
		{E452F112-869F-45F4-A8A0-9084F494CAFC}.Release|Any CPU.Build.0 = Release|Any CPU
		{910B01C6-39A1-4D88-B07E-99A4DC2036C2}.Debug|Any CPU.ActiveCfg = Debug|Any CPU
		{910B01C6-39A1-4D88-B07E-99A4DC2036C2}.Debug|Any CPU.Build.0 = Debug|Any CPU
		{910B01C6-39A1-4D88-B07E-99A4DC2036C2}.Release|Any CPU.ActiveCfg = Release|Any CPU
		{910B01C6-39A1-4D88-B07E-99A4DC2036C2}.Release|Any CPU.Build.0 = Release|Any CPU
		{CB715367-9635-4176-BA75-BC3C624A3C54}.Debug|Any CPU.ActiveCfg = Debug|Any CPU
		{CB715367-9635-4176-BA75-BC3C624A3C54}.Debug|Any CPU.Build.0 = Debug|Any CPU
		{CB715367-9635-4176-BA75-BC3C624A3C54}.Release|Any CPU.ActiveCfg = Release|Any CPU
		{CB715367-9635-4176-BA75-BC3C624A3C54}.Release|Any CPU.Build.0 = Release|Any CPU
		{EA3E8A24-0C0E-496D-B491-753306334FCD}.Debug|Any CPU.ActiveCfg = Debug|Any CPU
		{EA3E8A24-0C0E-496D-B491-753306334FCD}.Debug|Any CPU.Build.0 = Debug|Any CPU
		{EA3E8A24-0C0E-496D-B491-753306334FCD}.Release|Any CPU.ActiveCfg = Release|Any CPU
		{EA3E8A24-0C0E-496D-B491-753306334FCD}.Release|Any CPU.Build.0 = Release|Any CPU
		{307C7D12-44CE-47B0-AB67-7A193C3AA62E}.Debug|Any CPU.ActiveCfg = Debug|Any CPU
		{307C7D12-44CE-47B0-AB67-7A193C3AA62E}.Debug|Any CPU.Build.0 = Debug|Any CPU
		{307C7D12-44CE-47B0-AB67-7A193C3AA62E}.Release|Any CPU.ActiveCfg = Release|Any CPU
		{307C7D12-44CE-47B0-AB67-7A193C3AA62E}.Release|Any CPU.Build.0 = Release|Any CPU
		{66A1D602-3807-42B7-BDC4-1CF1A2F93125}.Debug|Any CPU.ActiveCfg = Debug|Any CPU
		{66A1D602-3807-42B7-BDC4-1CF1A2F93125}.Debug|Any CPU.Build.0 = Debug|Any CPU
		{66A1D602-3807-42B7-BDC4-1CF1A2F93125}.Release|Any CPU.ActiveCfg = Release|Any CPU
		{66A1D602-3807-42B7-BDC4-1CF1A2F93125}.Release|Any CPU.Build.0 = Release|Any CPU
		{963EDD7F-A0F8-4EA5-9562-D4D10D989821}.Debug|Any CPU.ActiveCfg = Debug|Any CPU
		{963EDD7F-A0F8-4EA5-9562-D4D10D989821}.Debug|Any CPU.Build.0 = Debug|Any CPU
		{963EDD7F-A0F8-4EA5-9562-D4D10D989821}.Release|Any CPU.ActiveCfg = Release|Any CPU
		{963EDD7F-A0F8-4EA5-9562-D4D10D989821}.Release|Any CPU.Build.0 = Release|Any CPU
		{792AD508-5979-4DB8-ACFE-1BBA8FA31C23}.Debug|Any CPU.ActiveCfg = Debug|Any CPU
		{792AD508-5979-4DB8-ACFE-1BBA8FA31C23}.Debug|Any CPU.Build.0 = Debug|Any CPU
		{792AD508-5979-4DB8-ACFE-1BBA8FA31C23}.Release|Any CPU.ActiveCfg = Release|Any CPU
		{792AD508-5979-4DB8-ACFE-1BBA8FA31C23}.Release|Any CPU.Build.0 = Release|Any CPU
		{46D0A465-8D73-4B3E-9EDF-B8AD1F764A48}.Debug|Any CPU.ActiveCfg = Debug|Any CPU
		{46D0A465-8D73-4B3E-9EDF-B8AD1F764A48}.Debug|Any CPU.Build.0 = Debug|Any CPU
		{46D0A465-8D73-4B3E-9EDF-B8AD1F764A48}.Release|Any CPU.ActiveCfg = Release|Any CPU
		{46D0A465-8D73-4B3E-9EDF-B8AD1F764A48}.Release|Any CPU.Build.0 = Release|Any CPU
		{2570E02B-11AE-47B0-A328-3FF58E9F41D3}.Debug|Any CPU.ActiveCfg = Debug|Any CPU
		{2570E02B-11AE-47B0-A328-3FF58E9F41D3}.Debug|Any CPU.Build.0 = Debug|Any CPU
		{2570E02B-11AE-47B0-A328-3FF58E9F41D3}.Release|Any CPU.ActiveCfg = Release|Any CPU
		{2570E02B-11AE-47B0-A328-3FF58E9F41D3}.Release|Any CPU.Build.0 = Release|Any CPU
		{02ECF4C1-E506-4F32-8D5E-83D12ED5AADE}.Debug|Any CPU.ActiveCfg = Debug|Any CPU
		{02ECF4C1-E506-4F32-8D5E-83D12ED5AADE}.Debug|Any CPU.Build.0 = Debug|Any CPU
		{02ECF4C1-E506-4F32-8D5E-83D12ED5AADE}.Release|Any CPU.ActiveCfg = Release|Any CPU
		{02ECF4C1-E506-4F32-8D5E-83D12ED5AADE}.Release|Any CPU.Build.0 = Release|Any CPU
	EndGlobalSection
EndGlobal
